
Microsoft Visual Studio Solution File, Format Version 12.00
# Visual Studio Version 16
VisualStudioVersion = 16.0.31727.386
MinimumVisualStudioVersion = 10.0.40219.1
Project("{FAE04EC0-301F-11D3-BF4B-00C04F79EFBC}") = "ApacheTech.VintageMods.Core", "ApacheTech.VintageMods.Core\ApacheTech.VintageMods.Core.csproj", "{88EEBF0A-618B-43A9-9CE3-EA4AA38AB224}"
EndProject
Project("{FAE04EC0-301F-11D3-BF4B-00C04F79EFBC}") = "ApacheTech.VintageMods.Core.Tests", "ApacheTech.VintageMods.Core.Tests\ApacheTech.VintageMods.Core.Tests.csproj", "{0932B285-2E69-4B98-AE8C-C61D8590F1DA}"
EndProject
Global
	GlobalSection(SolutionConfigurationPlatforms) = preSolution
		Debug|Any CPU = Debug|Any CPU
		Release|Any CPU = Release|Any CPU
	EndGlobalSection
	GlobalSection(ProjectConfigurationPlatforms) = postSolution
		{88EEBF0A-618B-43A9-9CE3-EA4AA38AB224}.Debug|Any CPU.ActiveCfg = Debug|Any CPU
		{88EEBF0A-618B-43A9-9CE3-EA4AA38AB224}.Debug|Any CPU.Build.0 = Debug|Any CPU
		{88EEBF0A-618B-43A9-9CE3-EA4AA38AB224}.Release|Any CPU.ActiveCfg = Release|Any CPU
		{88EEBF0A-618B-43A9-9CE3-EA4AA38AB224}.Release|Any CPU.Build.0 = Release|Any CPU
		{0932B285-2E69-4B98-AE8C-C61D8590F1DA}.Debug|Any CPU.ActiveCfg = Debug|Any CPU
		{0932B285-2E69-4B98-AE8C-C61D8590F1DA}.Debug|Any CPU.Build.0 = Debug|Any CPU
		{0932B285-2E69-4B98-AE8C-C61D8590F1DA}.Release|Any CPU.ActiveCfg = Release|Any CPU
		{0932B285-2E69-4B98-AE8C-C61D8590F1DA}.Release|Any CPU.Build.0 = Release|Any CPU
	EndGlobalSection
	GlobalSection(SolutionProperties) = preSolution
		HideSolutionNode = FALSE
	EndGlobalSection
	GlobalSection(ExtensibilityGlobals) = postSolution
		SolutionGuid = {63F7EF68-9BE0-4CC0-A966-04B7F142D90F}
	EndGlobalSection
EndGlobal
